
Microsoft Visual Studio Solution File, Format Version 12.00
# Visual Studio Version 16
VisualStudioVersion = 16.0.29209.62
MinimumVisualStudioVersion = 10.0.40219.1
Project("{8BC9CEB8-8B4A-11D0-8D11-00A0C91BC942}") = "SDR", "SDR\SDR.vcxproj", "{33889A1E-56B5-4542-BCEC-FA2AD1BCA169}"
EndProject
Global
	GlobalSection(SolutionConfigurationPlatforms) = preSolution
		Debug|x64 = Debug|x64
		Debug|x86 = Debug|x86
		Release|x64 = Release|x64
		Release|x86 = Release|x86
	EndGlobalSection
	GlobalSection(ProjectConfigurationPlatforms) = postSolution
		{33889A1E-56B5-4542-BCEC-FA2AD1BCA169}.Debug|x64.ActiveCfg = Debug|x64
		{33889A1E-56B5-4542-BCEC-FA2AD1BCA169}.Debug|x64.Build.0 = Debug|x64
		{33889A1E-56B5-4542-BCEC-FA2AD1BCA169}.Debug|x86.ActiveCfg = Debug|Win32
		{33889A1E-56B5-4542-BCEC-FA2AD1BCA169}.Debug|x86.Build.0 = Debug|Win32
		{33889A1E-56B5-4542-BCEC-FA2AD1BCA169}.Release|x64.ActiveCfg = Release|x64
		{33889A1E-56B5-4542-BCEC-FA2AD1BCA169}.Release|x64.Build.0 = Release|x64
		{33889A1E-56B5-4542-BCEC-FA2AD1BCA169}.Release|x86.ActiveCfg = Release|Win32
		{33889A1E-56B5-4542-BCEC-FA2AD1BCA169}.Release|x86.Build.0 = Release|Win32
	EndGlobalSection
	GlobalSection(SolutionProperties) = preSolution
		HideSolutionNode = FALSE
	EndGlobalSection
	GlobalSection(ExtensibilityGlobals) = postSolution
		SolutionGuid = {A817E3D0-671B-43B5-B4E0-E61C8A148996}
	EndGlobalSection
EndGlobal
